
Microsoft Visual Studio Solution File, Format Version 12.00
# Visual Studio Version 16
VisualStudioVersion = 16.0.30611.23
MinimumVisualStudioVersion = 10.0.40219.1
Project("{FAE04EC0-301F-11D3-BF4B-00C04F79EFBC}") = "CrossChess.UWP", "CrossChess\CrossChess.UWP\CrossChess.UWP.csproj", "{90699A6D-152F-48C0-85EF-0448299F3C41}"
EndProject
Project("{FAE04EC0-301F-11D3-BF4B-00C04F79EFBC}") = "CrossChess.Android", "CrossChess\CrossChess.Android\CrossChess.Android.csproj", "{338C736F-9789-4769-94E0-C6CC8135BDBF}"
EndProject
Project("{FAE04EC0-301F-11D3-BF4B-00C04F79EFBC}") = "CrossChess.iOS", "CrossChess\CrossChess.iOS\CrossChess.iOS.csproj", "{D045EE28-8860-4C3E-9499-4114F73AC776}"
EndProject
Project("{FAE04EC0-301F-11D3-BF4B-00C04F79EFBC}") = "CrossChess", "CrossChess\CrossChess\CrossChess.csproj", "{FA00ED07-75B6-48D0-9EAB-67B4755C33FF}"
EndProject
Project("{FAE04EC0-301F-11D3-BF4B-00C04F79EFBC}") = "CrossChessEngine", "CrossChessEngine\CrossChessEngine.csproj", "{388ECC2F-55BC-4BE5-B9DB-6254A3057A26}"
EndProject
Global
	GlobalSection(SolutionConfigurationPlatforms) = preSolution
		Debug|Any CPU = Debug|Any CPU
		Debug|ARM = Debug|ARM
		Debug|iPhone = Debug|iPhone
		Debug|iPhoneSimulator = Debug|iPhoneSimulator
		Debug|x64 = Debug|x64
		Debug|x86 = Debug|x86
		Release|Any CPU = Release|Any CPU
		Release|ARM = Release|ARM
		Release|iPhone = Release|iPhone
		Release|iPhoneSimulator = Release|iPhoneSimulator
		Release|x64 = Release|x64
		Release|x86 = Release|x86
	EndGlobalSection
	GlobalSection(ProjectConfigurationPlatforms) = postSolution
		{90699A6D-152F-48C0-85EF-0448299F3C41}.Debug|Any CPU.ActiveCfg = Debug|x86
		{90699A6D-152F-48C0-85EF-0448299F3C41}.Debug|Any CPU.Build.0 = Debug|x86
		{90699A6D-152F-48C0-85EF-0448299F3C41}.Debug|Any CPU.Deploy.0 = Debug|x86
		{90699A6D-152F-48C0-85EF-0448299F3C41}.Debug|ARM.ActiveCfg = Debug|ARM
		{90699A6D-152F-48C0-85EF-0448299F3C41}.Debug|ARM.Build.0 = Debug|ARM
		{90699A6D-152F-48C0-85EF-0448299F3C41}.Debug|ARM.Deploy.0 = Debug|ARM
		{90699A6D-152F-48C0-85EF-0448299F3C41}.Debug|iPhone.ActiveCfg = Debug|x86
		{90699A6D-152F-48C0-85EF-0448299F3C41}.Debug|iPhone.Build.0 = Debug|x86
		{90699A6D-152F-48C0-85EF-0448299F3C41}.Debug|iPhone.Deploy.0 = Debug|x86
		{90699A6D-152F-48C0-85EF-0448299F3C41}.Debug|iPhoneSimulator.ActiveCfg = Debug|x86
		{90699A6D-152F-48C0-85EF-0448299F3C41}.Debug|iPhoneSimulator.Build.0 = Debug|x86
		{90699A6D-152F-48C0-85EF-0448299F3C41}.Debug|iPhoneSimulator.Deploy.0 = Debug|x86
		{90699A6D-152F-48C0-85EF-0448299F3C41}.Debug|x64.ActiveCfg = Debug|x64
		{90699A6D-152F-48C0-85EF-0448299F3C41}.Debug|x64.Build.0 = Debug|x64
		{90699A6D-152F-48C0-85EF-0448299F3C41}.Debug|x64.Deploy.0 = Debug|x64
		{90699A6D-152F-48C0-85EF-0448299F3C41}.Debug|x86.ActiveCfg = Debug|x86
		{90699A6D-152F-48C0-85EF-0448299F3C41}.Debug|x86.Build.0 = Debug|x86
		{90699A6D-152F-48C0-85EF-0448299F3C41}.Debug|x86.Deploy.0 = Debug|x86
		{90699A6D-152F-48C0-85EF-0448299F3C41}.Release|Any CPU.ActiveCfg = Release|x86
		{90699A6D-152F-48C0-85EF-0448299F3C41}.Release|Any CPU.Build.0 = Release|x86
		{90699A6D-152F-48C0-85EF-0448299F3C41}.Release|Any CPU.Deploy.0 = Release|x86
		{90699A6D-152F-48C0-85EF-0448299F3C41}.Release|ARM.ActiveCfg = Release|ARM
		{90699A6D-152F-48C0-85EF-0448299F3C41}.Release|ARM.Build.0 = Release|ARM
		{90699A6D-152F-48C0-85EF-0448299F3C41}.Release|ARM.Deploy.0 = Release|ARM
		{90699A6D-152F-48C0-85EF-0448299F3C41}.Release|iPhone.ActiveCfg = Release|x86
		{90699A6D-152F-48C0-85EF-0448299F3C41}.Release|iPhone.Build.0 = Release|x86
		{90699A6D-152F-48C0-85EF-0448299F3C41}.Release|iPhone.Deploy.0 = Release|x86
		{90699A6D-152F-48C0-85EF-0448299F3C41}.Release|iPhoneSimulator.ActiveCfg = Release|x86
		{90699A6D-152F-48C0-85EF-0448299F3C41}.Release|iPhoneSimulator.Build.0 = Release|x86
		{90699A6D-152F-48C0-85EF-0448299F3C41}.Release|iPhoneSimulator.Deploy.0 = Release|x86
		{90699A6D-152F-48C0-85EF-0448299F3C41}.Release|x64.ActiveCfg = Release|x64
		{90699A6D-152F-48C0-85EF-0448299F3C41}.Release|x64.Build.0 = Release|x64
		{90699A6D-152F-48C0-85EF-0448299F3C41}.Release|x64.Deploy.0 = Release|x64
		{90699A6D-152F-48C0-85EF-0448299F3C41}.Release|x86.ActiveCfg = Release|x86
		{90699A6D-152F-48C0-85EF-0448299F3C41}.Release|x86.Build.0 = Release|x86
		{90699A6D-152F-48C0-85EF-0448299F3C41}.Release|x86.Deploy.0 = Release|x86
		{338C736F-9789-4769-94E0-C6CC8135BDBF}.Debug|Any CPU.ActiveCfg = Debug|Any CPU
		{338C736F-9789-4769-94E0-C6CC8135BDBF}.Debug|Any CPU.Build.0 = Debug|Any CPU
		{338C736F-9789-4769-94E0-C6CC8135BDBF}.Debug|Any CPU.Deploy.0 = Debug|Any CPU
		{338C736F-9789-4769-94E0-C6CC8135BDBF}.Debug|ARM.ActiveCfg = Debug|Any CPU
		{338C736F-9789-4769-94E0-C6CC8135BDBF}.Debug|ARM.Build.0 = Debug|Any CPU
		{338C736F-9789-4769-94E0-C6CC8135BDBF}.Debug|ARM.Deploy.0 = Debug|Any CPU
		{338C736F-9789-4769-94E0-C6CC8135BDBF}.Debug|iPhone.ActiveCfg = Debug|Any CPU
		{338C736F-9789-4769-94E0-C6CC8135BDBF}.Debug|iPhone.Build.0 = Debug|Any CPU
		{338C736F-9789-4769-94E0-C6CC8135BDBF}.Debug|iPhone.Deploy.0 = Debug|Any CPU
		{338C736F-9789-4769-94E0-C6CC8135BDBF}.Debug|iPhoneSimulator.ActiveCfg = Debug|Any CPU
		{338C736F-9789-4769-94E0-C6CC8135BDBF}.Debug|iPhoneSimulator.Build.0 = Debug|Any CPU
		{338C736F-9789-4769-94E0-C6CC8135BDBF}.Debug|iPhoneSimulator.Deploy.0 = Debug|Any CPU
		{338C736F-9789-4769-94E0-C6CC8135BDBF}.Debug|x64.ActiveCfg = Debug|Any CPU
		{338C736F-9789-4769-94E0-C6CC8135BDBF}.Debug|x64.Build.0 = Debug|Any CPU
		{338C736F-9789-4769-94E0-C6CC8135BDBF}.Debug|x64.Deploy.0 = Debug|Any CPU
		{338C736F-9789-4769-94E0-C6CC8135BDBF}.Debug|x86.ActiveCfg = Debug|Any CPU
		{338C736F-9789-4769-94E0-C6CC8135BDBF}.Debug|x86.Build.0 = Debug|Any CPU
		{338C736F-9789-4769-94E0-C6CC8135BDBF}.Debug|x86.Deploy.0 = Debug|Any CPU
		{338C736F-9789-4769-94E0-C6CC8135BDBF}.Release|Any CPU.ActiveCfg = Release|Any CPU
		{338C736F-9789-4769-94E0-C6CC8135BDBF}.Release|Any CPU.Build.0 = Release|Any CPU
		{338C736F-9789-4769-94E0-C6CC8135BDBF}.Release|Any CPU.Deploy.0 = Release|Any CPU
		{338C736F-9789-4769-94E0-C6CC8135BDBF}.Release|ARM.ActiveCfg = Release|Any CPU
		{338C736F-9789-4769-94E0-C6CC8135BDBF}.Release|ARM.Build.0 = Release|Any CPU
		{338C736F-9789-4769-94E0-C6CC8135BDBF}.Release|ARM.Deploy.0 = Release|Any CPU
		{338C736F-9789-4769-94E0-C6CC8135BDBF}.Release|iPhone.ActiveCfg = Release|Any CPU
		{338C736F-9789-4769-94E0-C6CC8135BDBF}.Release|iPhone.Build.0 = Release|Any CPU
		{338C736F-9789-4769-94E0-C6CC8135BDBF}.Release|iPhone.Deploy.0 = Release|Any CPU
		{338C736F-9789-4769-94E0-C6CC8135BDBF}.Release|iPhoneSimulator.ActiveCfg = Release|Any CPU
		{338C736F-9789-4769-94E0-C6CC8135BDBF}.Release|iPhoneSimulator.Build.0 = Release|Any CPU
		{338C736F-9789-4769-94E0-C6CC8135BDBF}.Release|iPhoneSimulator.Deploy.0 = Release|Any CPU
		{338C736F-9789-4769-94E0-C6CC8135BDBF}.Release|x64.ActiveCfg = Release|Any CPU
		{338C736F-9789-4769-94E0-C6CC8135BDBF}.Release|x64.Build.0 = Release|Any CPU
		{338C736F-9789-4769-94E0-C6CC8135BDBF}.Release|x64.Deploy.0 = Release|Any CPU
		{338C736F-9789-4769-94E0-C6CC8135BDBF}.Release|x86.ActiveCfg = Release|Any CPU
		{338C736F-9789-4769-94E0-C6CC8135BDBF}.Release|x86.Build.0 = Release|Any CPU
		{338C736F-9789-4769-94E0-C6CC8135BDBF}.Release|x86.Deploy.0 = Release|Any CPU
		{D045EE28-8860-4C3E-9499-4114F73AC776}.Debug|Any CPU.ActiveCfg = Debug|iPhoneSimulator
		{D045EE28-8860-4C3E-9499-4114F73AC776}.Debug|Any CPU.Build.0 = Debug|iPhoneSimulator
		{D045EE28-8860-4C3E-9499-4114F73AC776}.Debug|Any CPU.Deploy.0 = Debug|iPhoneSimulator
		{D045EE28-8860-4C3E-9499-4114F73AC776}.Debug|ARM.ActiveCfg = Debug|iPhone
		{D045EE28-8860-4C3E-9499-4114F73AC776}.Debug|ARM.Build.0 = Debug|iPhone
		{D045EE28-8860-4C3E-9499-4114F73AC776}.Debug|ARM.Deploy.0 = Debug|iPhone
		{D045EE28-8860-4C3E-9499-4114F73AC776}.Debug|iPhone.ActiveCfg = Debug|iPhone
		{D045EE28-8860-4C3E-9499-4114F73AC776}.Debug|iPhone.Build.0 = Debug|iPhone
		{D045EE28-8860-4C3E-9499-4114F73AC776}.Debug|iPhone.Deploy.0 = Debug|iPhone
		{D045EE28-8860-4C3E-9499-4114F73AC776}.Debug|iPhoneSimulator.ActiveCfg = Debug|iPhoneSimulator
		{D045EE28-8860-4C3E-9499-4114F73AC776}.Debug|iPhoneSimulator.Build.0 = Debug|iPhoneSimulator
		{D045EE28-8860-4C3E-9499-4114F73AC776}.Debug|iPhoneSimulator.Deploy.0 = Debug|iPhoneSimulator
		{D045EE28-8860-4C3E-9499-4114F73AC776}.Debug|x64.ActiveCfg = Debug|iPhoneSimulator
		{D045EE28-8860-4C3E-9499-4114F73AC776}.Debug|x64.Build.0 = Debug|iPhoneSimulator
		{D045EE28-8860-4C3E-9499-4114F73AC776}.Debug|x64.Deploy.0 = Debug|iPhoneSimulator
		{D045EE28-8860-4C3E-9499-4114F73AC776}.Debug|x86.ActiveCfg = Debug|iPhoneSimulator
		{D045EE28-8860-4C3E-9499-4114F73AC776}.Debug|x86.Build.0 = Debug|iPhoneSimulator
		{D045EE28-8860-4C3E-9499-4114F73AC776}.Debug|x86.Deploy.0 = Debug|iPhoneSimulator
		{D045EE28-8860-4C3E-9499-4114F73AC776}.Release|Any CPU.ActiveCfg = Release|iPhoneSimulator
		{D045EE28-8860-4C3E-9499-4114F73AC776}.Release|Any CPU.Build.0 = Release|iPhoneSimulator
		{D045EE28-8860-4C3E-9499-4114F73AC776}.Release|Any CPU.Deploy.0 = Release|iPhoneSimulator
		{D045EE28-8860-4C3E-9499-4114F73AC776}.Release|ARM.ActiveCfg = Release|iPhoneSimulator
		{D045EE28-8860-4C3E-9499-4114F73AC776}.Release|ARM.Build.0 = Release|iPhoneSimulator
		{D045EE28-8860-4C3E-9499-4114F73AC776}.Release|ARM.Deploy.0 = Release|iPhoneSimulator
		{D045EE28-8860-4C3E-9499-4114F73AC776}.Release|iPhone.ActiveCfg = Release|iPhone
		{D045EE28-8860-4C3E-9499-4114F73AC776}.Release|iPhone.Build.0 = Release|iPhone
		{D045EE28-8860-4C3E-9499-4114F73AC776}.Release|iPhone.Deploy.0 = Release|iPhone
		{D045EE28-8860-4C3E-9499-4114F73AC776}.Release|iPhoneSimulator.ActiveCfg = Release|iPhoneSimulator
		{D045EE28-8860-4C3E-9499-4114F73AC776}.Release|iPhoneSimulator.Build.0 = Release|iPhoneSimulator
		{D045EE28-8860-4C3E-9499-4114F73AC776}.Release|iPhoneSimulator.Deploy.0 = Release|iPhoneSimulator
		{D045EE28-8860-4C3E-9499-4114F73AC776}.Release|x64.ActiveCfg = Release|iPhoneSimulator
		{D045EE28-8860-4C3E-9499-4114F73AC776}.Release|x64.Build.0 = Release|iPhoneSimulator
		{D045EE28-8860-4C3E-9499-4114F73AC776}.Release|x64.Deploy.0 = Release|iPhoneSimulator
		{D045EE28-8860-4C3E-9499-4114F73AC776}.Release|x86.ActiveCfg = Release|iPhoneSimulator
		{D045EE28-8860-4C3E-9499-4114F73AC776}.Release|x86.Build.0 = Release|iPhoneSimulator
		{D045EE28-8860-4C3E-9499-4114F73AC776}.Release|x86.Deploy.0 = Release|iPhoneSimulator
		{FA00ED07-75B6-48D0-9EAB-67B4755C33FF}.Debug|Any CPU.ActiveCfg = Debug|Any CPU
		{FA00ED07-75B6-48D0-9EAB-67B4755C33FF}.Debug|Any CPU.Build.0 = Debug|Any CPU
		{FA00ED07-75B6-48D0-9EAB-67B4755C33FF}.Debug|Any CPU.Deploy.0 = Debug|Any CPU
		{FA00ED07-75B6-48D0-9EAB-67B4755C33FF}.Debug|ARM.ActiveCfg = Debug|Any CPU
		{FA00ED07-75B6-48D0-9EAB-67B4755C33FF}.Debug|ARM.Build.0 = Debug|Any CPU
		{FA00ED07-75B6-48D0-9EAB-67B4755C33FF}.Debug|ARM.Deploy.0 = Debug|Any CPU
		{FA00ED07-75B6-48D0-9EAB-67B4755C33FF}.Debug|iPhone.ActiveCfg = Debug|Any CPU
		{FA00ED07-75B6-48D0-9EAB-67B4755C33FF}.Debug|iPhone.Build.0 = Debug|Any CPU
		{FA00ED07-75B6-48D0-9EAB-67B4755C33FF}.Debug|iPhone.Deploy.0 = Debug|Any CPU
		{FA00ED07-75B6-48D0-9EAB-67B4755C33FF}.Debug|iPhoneSimulator.ActiveCfg = Debug|Any CPU
		{FA00ED07-75B6-48D0-9EAB-67B4755C33FF}.Debug|iPhoneSimulator.Build.0 = Debug|Any CPU
		{FA00ED07-75B6-48D0-9EAB-67B4755C33FF}.Debug|iPhoneSimulator.Deploy.0 = Debug|Any CPU
		{FA00ED07-75B6-48D0-9EAB-67B4755C33FF}.Debug|x64.ActiveCfg = Debug|Any CPU
		{FA00ED07-75B6-48D0-9EAB-67B4755C33FF}.Debug|x64.Build.0 = Debug|Any CPU
		{FA00ED07-75B6-48D0-9EAB-67B4755C33FF}.Debug|x64.Deploy.0 = Debug|Any CPU
		{FA00ED07-75B6-48D0-9EAB-67B4755C33FF}.Debug|x86.ActiveCfg = Debug|Any CPU
		{FA00ED07-75B6-48D0-9EAB-67B4755C33FF}.Debug|x86.Build.0 = Debug|Any CPU
		{FA00ED07-75B6-48D0-9EAB-67B4755C33FF}.Debug|x86.Deploy.0 = Debug|Any CPU
		{FA00ED07-75B6-48D0-9EAB-67B4755C33FF}.Release|Any CPU.ActiveCfg = Release|Any CPU
		{FA00ED07-75B6-48D0-9EAB-67B4755C33FF}.Release|Any CPU.Build.0 = Release|Any CPU
		{FA00ED07-75B6-48D0-9EAB-67B4755C33FF}.Release|Any CPU.Deploy.0 = Release|Any CPU
		{FA00ED07-75B6-48D0-9EAB-67B4755C33FF}.Release|ARM.ActiveCfg = Release|Any CPU
		{FA00ED07-75B6-48D0-9EAB-67B4755C33FF}.Release|ARM.Build.0 = Release|Any CPU
		{FA00ED07-75B6-48D0-9EAB-67B4755C33FF}.Release|ARM.Deploy.0 = Release|Any CPU
		{FA00ED07-75B6-48D0-9EAB-67B4755C33FF}.Release|iPhone.ActiveCfg = Release|Any CPU
		{FA00ED07-75B6-48D0-9EAB-67B4755C33FF}.Release|iPhone.Build.0 = Release|Any CPU
		{FA00ED07-75B6-48D0-9EAB-67B4755C33FF}.Release|iPhone.Deploy.0 = Release|Any CPU
		{FA00ED07-75B6-48D0-9EAB-67B4755C33FF}.Release|iPhoneSimulator.ActiveCfg = Release|Any CPU
		{FA00ED07-75B6-48D0-9EAB-67B4755C33FF}.Release|iPhoneSimulator.Build.0 = Release|Any CPU
		{FA00ED07-75B6-48D0-9EAB-67B4755C33FF}.Release|iPhoneSimulator.Deploy.0 = Release|Any CPU
		{FA00ED07-75B6-48D0-9EAB-67B4755C33FF}.Release|x64.ActiveCfg = Release|Any CPU
		{FA00ED07-75B6-48D0-9EAB-67B4755C33FF}.Release|x64.Build.0 = Release|Any CPU
		{FA00ED07-75B6-48D0-9EAB-67B4755C33FF}.Release|x64.Deploy.0 = Release|Any CPU
		{FA00ED07-75B6-48D0-9EAB-67B4755C33FF}.Release|x86.ActiveCfg = Release|Any CPU
		{FA00ED07-75B6-48D0-9EAB-67B4755C33FF}.Release|x86.Build.0 = Release|Any CPU
		{FA00ED07-75B6-48D0-9EAB-67B4755C33FF}.Release|x86.Deploy.0 = Release|Any CPU
		{388ECC2F-55BC-4BE5-B9DB-6254A3057A26}.Debug|Any CPU.ActiveCfg = Debug|Any CPU
		{388ECC2F-55BC-4BE5-B9DB-6254A3057A26}.Debug|Any CPU.Build.0 = Debug|Any CPU
		{388ECC2F-55BC-4BE5-B9DB-6254A3057A26}.Debug|ARM.ActiveCfg = Debug|Any CPU
		{388ECC2F-55BC-4BE5-B9DB-6254A3057A26}.Debug|ARM.Build.0 = Debug|Any CPU
		{388ECC2F-55BC-4BE5-B9DB-6254A3057A26}.Debug|iPhone.ActiveCfg = Debug|Any CPU
		{388ECC2F-55BC-4BE5-B9DB-6254A3057A26}.Debug|iPhone.Build.0 = Debug|Any CPU
		{388ECC2F-55BC-4BE5-B9DB-6254A3057A26}.Debug|iPhoneSimulator.ActiveCfg = Debug|Any CPU
		{388ECC2F-55BC-4BE5-B9DB-6254A3057A26}.Debug|iPhoneSimulator.Build.0 = Debug|Any CPU
		{388ECC2F-55BC-4BE5-B9DB-6254A3057A26}.Debug|x64.ActiveCfg = Debug|Any CPU
		{388ECC2F-55BC-4BE5-B9DB-6254A3057A26}.Debug|x64.Build.0 = Debug|Any CPU
		{388ECC2F-55BC-4BE5-B9DB-6254A3057A26}.Debug|x86.ActiveCfg = Debug|Any CPU
		{388ECC2F-55BC-4BE5-B9DB-6254A3057A26}.Debug|x86.Build.0 = Debug|Any CPU
		{388ECC2F-55BC-4BE5-B9DB-6254A3057A26}.Release|Any CPU.ActiveCfg = Release|Any CPU
		{388ECC2F-55BC-4BE5-B9DB-6254A3057A26}.Release|Any CPU.Build.0 = Release|Any CPU
		{388ECC2F-55BC-4BE5-B9DB-6254A3057A26}.Release|ARM.ActiveCfg = Release|Any CPU
		{388ECC2F-55BC-4BE5-B9DB-6254A3057A26}.Release|ARM.Build.0 = Release|Any CPU
		{388ECC2F-55BC-4BE5-B9DB-6254A3057A26}.Release|iPhone.ActiveCfg = Release|Any CPU
		{388ECC2F-55BC-4BE5-B9DB-6254A3057A26}.Release|iPhone.Build.0 = Release|Any CPU
		{388ECC2F-55BC-4BE5-B9DB-6254A3057A26}.Release|iPhoneSimulator.ActiveCfg = Release|Any CPU
		{388ECC2F-55BC-4BE5-B9DB-6254A3057A26}.Release|iPhoneSimulator.Build.0 = Release|Any CPU
		{388ECC2F-55BC-4BE5-B9DB-6254A3057A26}.Release|x64.ActiveCfg = Release|Any CPU
		{388ECC2F-55BC-4BE5-B9DB-6254A3057A26}.Release|x64.Build.0 = Release|Any CPU
		{388ECC2F-55BC-4BE5-B9DB-6254A3057A26}.Release|x86.ActiveCfg = Release|Any CPU
		{388ECC2F-55BC-4BE5-B9DB-6254A3057A26}.Release|x86.Build.0 = Release|Any CPU
	EndGlobalSection
	GlobalSection(SolutionProperties) = preSolution
		HideSolutionNode = FALSE
	EndGlobalSection
	GlobalSection(ExtensibilityGlobals) = postSolution
		SolutionGuid = {530C9BC7-407F-492C-960F-2F17916B4DA2}
	EndGlobalSection
EndGlobal
